
Microsoft Visual Studio Solution File, Format Version 12.00
# Visual Studio 15
VisualStudioVersion = 15.0.26730.16
MinimumVisualStudioVersion = 10.0.40219.1
Project("{FAE04EC0-301F-11D3-BF4B-00C04F79EFBC}") = "Shield Hero", "Shield Hero.csproj", "{22871C4A-3E8D-5E26-391A-D52FD2416E81}"
EndProject
Project("{FAE04EC0-301F-11D3-BF4B-00C04F79EFBC}") = "Shield Hero.Editor", "Shield Hero.Editor.csproj", "{08C0E44B-FC1C-4C08-1F26-22FD14A2A344}"
EndProject
Global
	GlobalSection(SolutionConfigurationPlatforms) = preSolution
		Debug|Any CPU = Debug|Any CPU
		Release|Any CPU = Release|Any CPU
	EndGlobalSection
	GlobalSection(ProjectConfigurationPlatforms) = postSolution
		{22871C4A-3E8D-5E26-391A-D52FD2416E81}.Debug|Any CPU.ActiveCfg = Debug|Any CPU
		{22871C4A-3E8D-5E26-391A-D52FD2416E81}.Debug|Any CPU.Build.0 = Debug|Any CPU
		{22871C4A-3E8D-5E26-391A-D52FD2416E81}.Release|Any CPU.ActiveCfg = Release|Any CPU
		{22871C4A-3E8D-5E26-391A-D52FD2416E81}.Release|Any CPU.Build.0 = Release|Any CPU
		{08C0E44B-FC1C-4C08-1F26-22FD14A2A344}.Debug|Any CPU.ActiveCfg = Debug|Any CPU
		{08C0E44B-FC1C-4C08-1F26-22FD14A2A344}.Debug|Any CPU.Build.0 = Debug|Any CPU
		{08C0E44B-FC1C-4C08-1F26-22FD14A2A344}.Release|Any CPU.ActiveCfg = Release|Any CPU
		{08C0E44B-FC1C-4C08-1F26-22FD14A2A344}.Release|Any CPU.Build.0 = Release|Any CPU
	EndGlobalSection
	GlobalSection(SolutionProperties) = preSolution
		HideSolutionNode = FALSE
	EndGlobalSection
	GlobalSection(ExtensibilityGlobals) = postSolution
		SolutionGuid = {5B035521-E5A8-4073-BF13-0AD4477D30AD}
	EndGlobalSection
EndGlobal
